
Microsoft Visual Studio Solution File, Format Version 12.00
# Visual Studio Version 16
VisualStudioVersion = 16.0.29306.81
MinimumVisualStudioVersion = 10.0.40219.1
Project("{FAE04EC0-301F-11D3-BF4B-00C04F79EFBC}") = "Entrega", "Entrega3\Entrega.csproj", "{BF45E164-05E1-44B9-8B37-D86E99BDF139}"
EndProject
Project("{FAE04EC0-301F-11D3-BF4B-00C04F79EFBC}") = "Models", "Models\Models.csproj", "{8EF9921A-7DD3-44DB-A54D-0770A34318A6}"
EndProject
Global
	GlobalSection(SolutionConfigurationPlatforms) = preSolution
		Debug|Any CPU = Debug|Any CPU
		Release|Any CPU = Release|Any CPU
	EndGlobalSection
	GlobalSection(ProjectConfigurationPlatforms) = postSolution
		{BF45E164-05E1-44B9-8B37-D86E99BDF139}.Debug|Any CPU.ActiveCfg = Debug|Any CPU
		{BF45E164-05E1-44B9-8B37-D86E99BDF139}.Debug|Any CPU.Build.0 = Debug|Any CPU
		{BF45E164-05E1-44B9-8B37-D86E99BDF139}.Release|Any CPU.ActiveCfg = Release|Any CPU
		{BF45E164-05E1-44B9-8B37-D86E99BDF139}.Release|Any CPU.Build.0 = Release|Any CPU
		{8EF9921A-7DD3-44DB-A54D-0770A34318A6}.Debug|Any CPU.ActiveCfg = Debug|Any CPU
		{8EF9921A-7DD3-44DB-A54D-0770A34318A6}.Debug|Any CPU.Build.0 = Debug|Any CPU
		{8EF9921A-7DD3-44DB-A54D-0770A34318A6}.Release|Any CPU.ActiveCfg = Release|Any CPU
		{8EF9921A-7DD3-44DB-A54D-0770A34318A6}.Release|Any CPU.Build.0 = Release|Any CPU
	EndGlobalSection
	GlobalSection(SolutionProperties) = preSolution
		HideSolutionNode = FALSE
	EndGlobalSection
	GlobalSection(ExtensibilityGlobals) = postSolution
		SolutionGuid = {A8A54C89-5862-4638-A602-273D73CC9638}
	EndGlobalSection
EndGlobal
